github.com/Tim-Quattrochi/curriculum/common-content v0.0.0-20241122022405-a6f85e5ed011 h1:NGBsCkcbNOboBHMSCaqIxriKynkhTX05ebuAyGI7eBc=
github.com/Tim-Quattrochi/curriculum/common-content v0.0.0-20241122022405-a6f85e5ed011/go.mod h1:QS6b5wHe7JFiNUjIJiezwBquQyr/bd6+DKAqiPXw3j8=
github.com/Tim-Quattrochi/curriculum/common-theme v0.0.0-20241122022405-a6f85e5ed011 h1:SpphBLXcfqrdodZGTtvTLMQqIyRjNaaTsn+c7S8pbdc=
github.com/Tim-Quattrochi/curriculum/common-theme v0.0.0-20241122022405-a6f85e5ed011/go.mod h1:Ja4pabt1DKWMauMRMdbJaVqw9f2uTzt4vr5m7xksYHg=
